dependencies:
- name: camunda-platform
  repository: https://helm.camunda.io
  version: 8.1.1
- name: elasticsearch
  repository: http://helm.elastic.co
  version: 7.16.3
- name: kibana
  repository: http://helm.elastic.co
  version: 7.16.3
- name: mysql
  repository: https://charts.bitnami.com/bitnami
  version: 9.4.5
- name: kong
  repository: https://charts.konghq.com
  version: 2.13.1
- name: keycloak
  repository: https://codecentric.github.io/helm-charts
  version: 18.1.1
- name: redis
  repository: https://charts.bitnami.com/bitnami
  version: 17.9.3
- name: operations_app
  repository: file://./operations-app
  version: 1.0.0
- name: ph_ee_connector_gsma
  repository: file://./connector-gsma
  version: 1.0.0
- name: notifications
  repository: file://./connector-notifications
  version: 1.0.0
- name: paygops_connector
  repository: file://./ams-paygops
  version: 1.0.0
- name: roster_connector
  repository: file://./ams-roster
  version: 1.0.0
- name: mpesa
  repository: file://./connector-mpesa
  version: 1.0.0
- name: operations_web
  repository: file://./operations-web
  version: 1.0.0
- name: ph_ee_connector_mojaloop
  repository: file://./connector-mojaloop
  version: 1.0.0
- name: ph_ee_connector_slcb
  repository: file://./connector-slcb
  version: 1.0.0
- name: importer_es
  repository: file://./operations-importer-es
  version: 1.0.0
- name: messagegateway
  repository: file://./message-gateway
  version: 1.0.0
- name: ph_ee_connector_ams_mifos
  repository: file://./connector-ams-mifos
  version: 1.0.0
- name: connector_bulk
  repository: file://./connector-bulk
  version: 1.0.0
- name: channel
  repository: file://./connector-channel
  version: 1.0.0
- name: importer_rdbms
  repository: file://./operations-importer-rdbms
  version: 1.0.0
- name: zeebe_ops
  repository: file://./zeebe-ops
  version: 1.0.0
- name: kafka
  repository: file://./kafka
  version: 1.0.0
digest: sha256:5df201d5267029ea0ba362f16ba9acd796acdc334c4f7e7737a66de7323822b9
generated: "2023-06-16T11:01:25.116837388Z"
